// !$*UTF8*$!
{archiveVersion = 1; classes = {}; objectVersion = 56; objects = {
000000000000000000000001 = {isa = PBXFileReference; path = "App.swift"; sourceTree = "<group>"; };
000000000000000000000002 = {isa = PBXBuildFile; fileRef = 000000000000000000000001; };
000000000000000000000003 = {isa = PBXFileReference; path = "Resources/index.html"; sourceTree = "<group>"; };
000000000000000000000004 = {isa = PBXBuildFile; fileRef = 000000000000000000000003; };
000000000000000000000005 = {isa = PBXFileReference; path = "Assets.xcassets"; sourceTree = "<group>"; };
000000000000000000000006 = {isa = PBXBuildFile; fileRef = 000000000000000000000005; };
000000000000000000000007 = {isa = PBXFileReference; explicitFileType = wrapper.application; path = Beanbound.app; sourceTree = BUILT_PRODUCTS_DIR; };
000000000000000000000008 = {isa = PBXGroup; path = Beanbound; sourceTree = "<group>"; children = (000000000000000000000001,000000000000000000000003,000000000000000000000005); };
000000000000000000000009 = {isa = PBXGroup; name = Products; sourceTree = "<group>"; children = (000000000000000000000007,000000000000000000000017); };
00000000000000000000000A = {isa = PBXGroup; sourceTree = "<group>"; children = (000000000000000000000008,000000000000000000000015,000000000000000000000009); };
00000000000000000000000B = {isa = PBXSourcesBuildPhase; buildActionMask = 2147483647; files = (000000000000000000000002); runOnlyForDeploymentPostprocessing = 0; };
00000000000000000000000C = {isa = PBXResourcesBuildPhase; buildActionMask = 2147483647; files = (000000000000000000000004,000000000000000000000006); runOnlyForDeploymentPostprocessing = 0; };
00000000000000000000000D = {isa = PBXFrameworksBuildPhase; buildActionMask = 2147483647; files = (); runOnlyForDeploymentPostprocessing = 0; };
00000000000000000000000E = {isa = XCBuildConfiguration; name = Debug; buildSettings = {SDKROOT = iphoneos; IPHONEOS_DEPLOYMENT_TARGET = 17.0; SWIFT_VERSION = 5.0; CLANG_ENABLE_MODULES = YES; ENABLE_TESTABILITY = YES;SWIFT_OPTIMIZATION_LEVEL = "-Onone";}; };
00000000000000000000000F = {isa = XCBuildConfiguration; name = Release; buildSettings = {SDKROOT = iphoneos; IPHONEOS_DEPLOYMENT_TARGET = 17.0; SWIFT_VERSION = 5.0; CLANG_ENABLE_MODULES = YES; ENABLE_TESTABILITY = YES;SWIFT_OPTIMIZATION_LEVEL = "-O";}; };
000000000000000000000010 = {isa = XCConfigurationList; buildConfigurations = (00000000000000000000000E,00000000000000000000000F); defaultConfigurationIsVisible = 0; defaultConfigurationName = Release; };
000000000000000000000011 = {isa = XCBuildConfiguration; name = Debug; buildSettings = {PRODUCT_BUNDLE_IDENTIFIER = com.vcgames.beanbound; PRODUCT_NAME = Beanbound; TARGETED_DEVICE_FAMILY = "1,2"; GENERATE_INFOPLIST_FILE = YES; INFOPLIST_KEY_CFBundleDisplayName = Beanbound; INFOPLIST_KEY_UILaunchScreen_Generation = YES; INFOPLIST_KEY_UIApplicationSupportsIndirectInputEvents = YES; INFOPLIST_KEY_UISupportedInterfaceOrientations = "UIInterfaceOrientationPortrait UIInterfaceOrientationLandscapeLeft UIInterfaceOrientationLandscapeRight"; "INFOPLIST_KEY_UISupportedInterfaceOrientations_iPad" = "UIInterfaceOrientationPortrait UIInterfaceOrientationPortraitUpsideDown UIInterfaceOrientationLandscapeLeft UIInterfaceOrientationLandscapeRight"; SUPPORTS_MACCATALYST = NO; CURRENT_PROJECT_VERSION = 1; MARKETING_VERSION = 1.0.7; ASSETCATALOG_COMPILER_APPICON_NAME = AppIcon; CODE_SIGN_STYLE = Automatic; DEVELOPMENT_TEAM = P4ZB4J2Z8M; SUPPORTED_PLATFORMS = "iphoneos iphonesimulator";SWIFT_OPTIMIZATION_LEVEL = "-Onone";}; };
000000000000000000000012 = {isa = XCBuildConfiguration; name = Release; buildSettings = {PRODUCT_BUNDLE_IDENTIFIER = com.vcgames.beanbound; PRODUCT_NAME = Beanbound; TARGETED_DEVICE_FAMILY = "1,2"; GENERATE_INFOPLIST_FILE = YES; INFOPLIST_KEY_CFBundleDisplayName = Beanbound; INFOPLIST_KEY_UILaunchScreen_Generation = YES; INFOPLIST_KEY_UIApplicationSupportsIndirectInputEvents = YES; INFOPLIST_KEY_UISupportedInterfaceOrientations = "UIInterfaceOrientationPortrait UIInterfaceOrientationLandscapeLeft UIInterfaceOrientationLandscapeRight"; "INFOPLIST_KEY_UISupportedInterfaceOrientations_iPad" = "UIInterfaceOrientationPortrait UIInterfaceOrientationPortraitUpsideDown UIInterfaceOrientationLandscapeLeft UIInterfaceOrientationLandscapeRight"; SUPPORTS_MACCATALYST = NO; CURRENT_PROJECT_VERSION = 1; MARKETING_VERSION = 1.0.7; ASSETCATALOG_COMPILER_APPICON_NAME = AppIcon; CODE_SIGN_STYLE = Automatic; DEVELOPMENT_TEAM = P4ZB4J2Z8M; SUPPORTED_PLATFORMS = "iphoneos iphonesimulator";SWIFT_OPTIMIZATION_LEVEL = "-O";}; };
000000000000000000000013 = {isa = XCConfigurationList; buildConfigurations = (000000000000000000000011,000000000000000000000012); defaultConfigurationIsVisible = 0; defaultConfigurationName = Release; };
000000000000000000000014 = {isa = PBXNativeTarget; name = Beanbound; productName = Beanbound; productType = "com.apple.product-type.application"; productReference = 000000000000000000000007; buildConfigurationList = 000000000000000000000013; buildPhases = (00000000000000000000000B,00000000000000000000000D,00000000000000000000000C); buildRules = (); dependencies = (); };
000000000000000000000015 = {isa = PBXFileReference; path = Tests/GameTests.swift; sourceTree = "<group>"; };
000000000000000000000016 = {isa = PBXBuildFile; fileRef = 000000000000000000000015; };
000000000000000000000017 = {isa = PBXFileReference; explicitFileType = wrapper.cfbundle; path = BeanboundTests.xctest; sourceTree = BUILT_PRODUCTS_DIR; };
000000000000000000000018 = {isa = PBXSourcesBuildPhase; buildActionMask = 2147483647; files = (000000000000000000000016); runOnlyForDeploymentPostprocessing = 0; };
000000000000000000000019 = {isa = XCBuildConfiguration; name = Debug; buildSettings = {PRODUCT_BUNDLE_IDENTIFIER = com.vcgames.beanbound.tests; PRODUCT_NAME = BeanboundTests; GENERATE_INFOPLIST_FILE = YES; TARGETED_DEVICE_FAMILY = "1,2"; TEST_HOST = "$(BUILT_PRODUCTS_DIR)/Beanbound.app/Beanbound"; BUNDLE_LOADER = "$(TEST_HOST)"; CODE_SIGN_STYLE = Automatic; DEVELOPMENT_TEAM = P4ZB4J2Z8M;SWIFT_OPTIMIZATION_LEVEL = "-Onone";}; };
00000000000000000000001A = {isa = XCBuildConfiguration; name = Release; buildSettings = {PRODUCT_BUNDLE_IDENTIFIER = com.vcgames.beanbound.tests; PRODUCT_NAME = BeanboundTests; GENERATE_INFOPLIST_FILE = YES; TARGETED_DEVICE_FAMILY = "1,2"; TEST_HOST = "$(BUILT_PRODUCTS_DIR)/Beanbound.app/Beanbound"; BUNDLE_LOADER = "$(TEST_HOST)"; CODE_SIGN_STYLE = Automatic; DEVELOPMENT_TEAM = P4ZB4J2Z8M;SWIFT_OPTIMIZATION_LEVEL = "-O";}; };
00000000000000000000001B = {isa = XCConfigurationList; buildConfigurations = (000000000000000000000019,00000000000000000000001A); defaultConfigurationIsVisible = 0; defaultConfigurationName = Release; };
00000000000000000000001C = {isa = PBXTargetDependency; target = 000000000000000000000014; };
00000000000000000000001D = {isa = PBXNativeTarget; name = BeanboundTests; productName = BeanboundTests; productType = "com.apple.product-type.bundle.unit-test"; productReference = 000000000000000000000017; buildConfigurationList = 00000000000000000000001B; buildPhases = (000000000000000000000018); buildRules = (); dependencies = (00000000000000000000001C); };
00000000000000000000001E = {isa = PBXProject; buildConfigurationList = 000000000000000000000010; compatibilityVersion = "Xcode 14.0"; developmentRegion = en; knownRegions = (en,Base); mainGroup = 00000000000000000000000A; productRefGroup = 000000000000000000000009; projectDirPath = ""; projectRoot = ""; targets = (000000000000000000000014,00000000000000000000001D); };
}; rootObject = 00000000000000000000001E; }