// !$*UTF8*$!
{archiveVersion = 1; classes = {}; objectVersion = 56; objects = {
000000000000000000000001 = {isa = PBXFileReference; path = "App.swift"; sourceTree = "<group>"; };
000000000000000000000002 = {isa = PBXBuildFile; fileRef = 000000000000000000000001; };
000000000000000000000003 = {isa = PBXFileReference; path = "Resources/index.html"; sourceTree = "<group>"; };
000000000000000000000004 = {isa = PBXBuildFile; fileRef = 000000000000000000000003; };
000000000000000000000005 = {isa = PBXFileReference; path = "Resources/credits.html"; sourceTree = "<group>"; };
000000000000000000000006 = {isa = PBXBuildFile; fileRef = 000000000000000000000005; };
000000000000000000000007 = {isa = PBXFileReference; path = "Resources/Licenses/BagelFatOne-OFL.txt"; sourceTree = "<group>"; };
000000000000000000000008 = {isa = PBXBuildFile; fileRef = 000000000000000000000007; };
000000000000000000000009 = {isa = PBXFileReference; path = "Resources/Licenses/Figtree-OFL.txt"; sourceTree = "<group>"; };
00000000000000000000000A = {isa = PBXBuildFile; fileRef = 000000000000000000000009; };
00000000000000000000000B = {isa = PBXFileReference; path = "PrivacyInfo.xcprivacy"; sourceTree = "<group>"; };
00000000000000000000000C = {isa = PBXBuildFile; fileRef = 00000000000000000000000B; };
00000000000000000000000D = {isa = PBXFileReference; path = "LaunchScreen.storyboard"; sourceTree = "<group>"; };
00000000000000000000000E = {isa = PBXBuildFile; fileRef = 00000000000000000000000D; };
00000000000000000000000F = {isa = PBXFileReference; path = "Assets.xcassets"; sourceTree = "<group>"; };
000000000000000000000010 = {isa = PBXBuildFile; fileRef = 00000000000000000000000F; };
000000000000000000000011 = {isa = PBXFileReference; explicitFileType = wrapper.application; path = Beanbound.app; sourceTree = BUILT_PRODUCTS_DIR; };
000000000000000000000012 = {isa = PBXGroup; path = Beanbound; sourceTree = "<group>"; children = (000000000000000000000001,000000000000000000000003,000000000000000000000005,000000000000000000000007,000000000000000000000009,00000000000000000000000B,00000000000000000000000D,00000000000000000000000F); };
000000000000000000000013 = {isa = PBXGroup; name = Products; sourceTree = "<group>"; children = (000000000000000000000011,000000000000000000000021); };
000000000000000000000014 = {isa = PBXGroup; sourceTree = "<group>"; children = (000000000000000000000012,00000000000000000000001F,000000000000000000000013); };
000000000000000000000015 = {isa = PBXSourcesBuildPhase; buildActionMask = 2147483647; files = (000000000000000000000002); runOnlyForDeploymentPostprocessing = 0; };
000000000000000000000016 = {isa = PBXResourcesBuildPhase; buildActionMask = 2147483647; files = (000000000000000000000004,000000000000000000000006,000000000000000000000008,00000000000000000000000A,00000000000000000000000C,00000000000000000000000E,000000000000000000000010); runOnlyForDeploymentPostprocessing = 0; };
000000000000000000000017 = {isa = PBXFrameworksBuildPhase; buildActionMask = 2147483647; files = (); runOnlyForDeploymentPostprocessing = 0; };
000000000000000000000018 = {isa = XCBuildConfiguration; name = Debug; buildSettings = {SDKROOT = iphoneos; IPHONEOS_DEPLOYMENT_TARGET = 17.0; SWIFT_VERSION = 5.0; CLANG_ENABLE_MODULES = YES; ENABLE_TESTABILITY = YES;SWIFT_OPTIMIZATION_LEVEL = "-Onone";}; };
000000000000000000000019 = {isa = XCBuildConfiguration; name = Release; buildSettings = {SDKROOT = iphoneos; IPHONEOS_DEPLOYMENT_TARGET = 17.0; SWIFT_VERSION = 5.0; CLANG_ENABLE_MODULES = YES; ENABLE_TESTABILITY = YES;SWIFT_OPTIMIZATION_LEVEL = "-O";}; };
00000000000000000000001A = {isa = XCConfigurationList; buildConfigurations = (000000000000000000000018,000000000000000000000019); defaultConfigurationIsVisible = 0; defaultConfigurationName = Release; };
00000000000000000000001B = {isa = XCBuildConfiguration; name = Debug; buildSettings = {PRODUCT_BUNDLE_IDENTIFIER = com.vcgames.beanbound; PRODUCT_NAME = Beanbound; TARGETED_DEVICE_FAMILY = "1,2"; GENERATE_INFOPLIST_FILE = YES; INFOPLIST_KEY_CFBundleDisplayName = Beanbound; INFOPLIST_KEY_UILaunchStoryboardName = LaunchScreen; INFOPLIST_KEY_ITSAppUsesNonExemptEncryption = NO; INFOPLIST_KEY_UIApplicationSupportsIndirectInputEvents = YES; INFOPLIST_KEY_UISupportedInterfaceOrientations = "UIInterfaceOrientationPortrait UIInterfaceOrientationLandscapeLeft UIInterfaceOrientationLandscapeRight"; "INFOPLIST_KEY_UISupportedInterfaceOrientations_iPad" = "UIInterfaceOrientationPortrait UIInterfaceOrientationPortraitUpsideDown UIInterfaceOrientationLandscapeLeft UIInterfaceOrientationLandscapeRight"; SUPPORTS_MACCATALYST = NO; CURRENT_PROJECT_VERSION = 3; MARKETING_VERSION = 1.0.8; ASSETCATALOG_COMPILER_APPICON_NAME = AppIcon; CODE_SIGN_STYLE = Automatic; DEVELOPMENT_TEAM = P4ZB4J2Z8M; SUPPORTED_PLATFORMS = "iphoneos iphonesimulator";SWIFT_OPTIMIZATION_LEVEL = "-Onone";}; };
00000000000000000000001C = {isa = XCBuildConfiguration; name = Release; buildSettings = {PRODUCT_BUNDLE_IDENTIFIER = com.vcgames.beanbound; PRODUCT_NAME = Beanbound; TARGETED_DEVICE_FAMILY = "1,2"; GENERATE_INFOPLIST_FILE = YES; INFOPLIST_KEY_CFBundleDisplayName = Beanbound; INFOPLIST_KEY_UILaunchStoryboardName = LaunchScreen; INFOPLIST_KEY_ITSAppUsesNonExemptEncryption = NO; INFOPLIST_KEY_UIApplicationSupportsIndirectInputEvents = YES; INFOPLIST_KEY_UISupportedInterfaceOrientations = "UIInterfaceOrientationPortrait UIInterfaceOrientationLandscapeLeft UIInterfaceOrientationLandscapeRight"; "INFOPLIST_KEY_UISupportedInterfaceOrientations_iPad" = "UIInterfaceOrientationPortrait UIInterfaceOrientationPortraitUpsideDown UIInterfaceOrientationLandscapeLeft UIInterfaceOrientationLandscapeRight"; SUPPORTS_MACCATALYST = NO; CURRENT_PROJECT_VERSION = 3; MARKETING_VERSION = 1.0.8; ASSETCATALOG_COMPILER_APPICON_NAME = AppIcon; CODE_SIGN_STYLE = Automatic; DEVELOPMENT_TEAM = P4ZB4J2Z8M; SUPPORTED_PLATFORMS = "iphoneos iphonesimulator";SWIFT_OPTIMIZATION_LEVEL = "-O";}; };
00000000000000000000001D = {isa = XCConfigurationList; buildConfigurations = (00000000000000000000001B,00000000000000000000001C); defaultConfigurationIsVisible = 0; defaultConfigurationName = Release; };
00000000000000000000001E = {isa = PBXNativeTarget; name = Beanbound; productName = Beanbound; productType = "com.apple.product-type.application"; productReference = 000000000000000000000011; buildConfigurationList = 00000000000000000000001D; buildPhases = (000000000000000000000015,000000000000000000000017,000000000000000000000016); buildRules = (); dependencies = (); };
00000000000000000000001F = {isa = PBXFileReference; path = Tests/GameTests.swift; sourceTree = "<group>"; };
000000000000000000000020 = {isa = PBXBuildFile; fileRef = 00000000000000000000001F; };
000000000000000000000021 = {isa = PBXFileReference; explicitFileType = wrapper.cfbundle; path = BeanboundTests.xctest; sourceTree = BUILT_PRODUCTS_DIR; };
000000000000000000000022 = {isa = PBXSourcesBuildPhase; buildActionMask = 2147483647; files = (000000000000000000000020); runOnlyForDeploymentPostprocessing = 0; };
000000000000000000000023 = {isa = XCBuildConfiguration; name = Debug; buildSettings = {PRODUCT_BUNDLE_IDENTIFIER = com.vcgames.beanbound.tests; PRODUCT_NAME = BeanboundTests; GENERATE_INFOPLIST_FILE = YES; TARGETED_DEVICE_FAMILY = "1,2"; TEST_HOST = "$(BUILT_PRODUCTS_DIR)/Beanbound.app/Beanbound"; BUNDLE_LOADER = "$(TEST_HOST)"; CODE_SIGN_STYLE = Automatic; DEVELOPMENT_TEAM = P4ZB4J2Z8M;SWIFT_OPTIMIZATION_LEVEL = "-Onone";}; };
000000000000000000000024 = {isa = XCBuildConfiguration; name = Release; buildSettings = {PRODUCT_BUNDLE_IDENTIFIER = com.vcgames.beanbound.tests; PRODUCT_NAME = BeanboundTests; GENERATE_INFOPLIST_FILE = YES; TARGETED_DEVICE_FAMILY = "1,2"; TEST_HOST = "$(BUILT_PRODUCTS_DIR)/Beanbound.app/Beanbound"; BUNDLE_LOADER = "$(TEST_HOST)"; CODE_SIGN_STYLE = Automatic; DEVELOPMENT_TEAM = P4ZB4J2Z8M;SWIFT_OPTIMIZATION_LEVEL = "-O";}; };
000000000000000000000025 = {isa = XCConfigurationList; buildConfigurations = (000000000000000000000023,000000000000000000000024); defaultConfigurationIsVisible = 0; defaultConfigurationName = Release; };
000000000000000000000026 = {isa = PBXTargetDependency; target = 00000000000000000000001E; };
000000000000000000000027 = {isa = PBXNativeTarget; name = BeanboundTests; productName = BeanboundTests; productType = "com.apple.product-type.bundle.unit-test"; productReference = 000000000000000000000021; buildConfigurationList = 000000000000000000000025; buildPhases = (000000000000000000000022); buildRules = (); dependencies = (000000000000000000000026); };
000000000000000000000028 = {isa = PBXProject; buildConfigurationList = 00000000000000000000001A; compatibilityVersion = "Xcode 14.0"; developmentRegion = en; knownRegions = (en,Base); mainGroup = 000000000000000000000014; productRefGroup = 000000000000000000000013; projectDirPath = ""; projectRoot = ""; targets = (00000000000000000000001E,000000000000000000000027); };
}; rootObject = 000000000000000000000028; }